
Microsoft Visual Studio Solution File, Format Version 12.00
# Visual Studio Version 17
VisualStudioVersion = 17.0.31919.166
MinimumVisualStudioVersion = 10.0.40219.1
Project("{FAE04EC0-301F-11D3-BF4B-00C04F79EFBC}") = "DemoEF_Oracle_Console", "DemoEF_Oracle_Console\DemoEF_Oracle_Console.csproj", "{E8B10FC6-AED0-493F-B7C3-91E0427A5501}"
EndProject
Project("{FAE04EC0-301F-11D3-BF4B-00C04F79EFBC}") = "DemoEF_Entite", "DemoEF_Entite\DemoEF_Entite.csproj", "{E672743B-E9C2-42D0-A0C6-F5B5C847622A}"
EndProject
Project("{FAE04EC0-301F-11D3-BF4B-00C04F79EFBC}") = "DemoEF_DALApplicationDBContext", "DemoEF_DALApplicationDBContext\DemoEF_DALApplicationDBContext.csproj", "{CA8C7C03-8546-4CB8-A3CE-006C5E1F7B12}"
EndProject
Project("{FAE04EC0-301F-11D3-BF4B-00C04F79EFBC}") = "DemoEF_CasUtilisation", "DemoEF_CasUtilisation\DemoEF_CasUtilisation.csproj", "{551FF705-2D3C-4DCE-BF17-4B5C129669A5}"
EndProject
Global
	GlobalSection(SolutionConfigurationPlatforms) = preSolution
		Debug|Any CPU = Debug|Any CPU
		Release|Any CPU = Release|Any CPU
	EndGlobalSection
	GlobalSection(ProjectConfigurationPlatforms) = postSolution
		{E8B10FC6-AED0-493F-B7C3-91E0427A5501}.Debug|Any CPU.ActiveCfg = Debug|Any CPU
		{E8B10FC6-AED0-493F-B7C3-91E0427A5501}.Debug|Any CPU.Build.0 = Debug|Any CPU
		{E8B10FC6-AED0-493F-B7C3-91E0427A5501}.Release|Any CPU.ActiveCfg = Release|Any CPU
		{E8B10FC6-AED0-493F-B7C3-91E0427A5501}.Release|Any CPU.Build.0 = Release|Any CPU
		{E672743B-E9C2-42D0-A0C6-F5B5C847622A}.Debug|Any CPU.ActiveCfg = Debug|Any CPU
		{E672743B-E9C2-42D0-A0C6-F5B5C847622A}.Debug|Any CPU.Build.0 = Debug|Any CPU
		{E672743B-E9C2-42D0-A0C6-F5B5C847622A}.Release|Any CPU.ActiveCfg = Release|Any CPU
		{E672743B-E9C2-42D0-A0C6-F5B5C847622A}.Release|Any CPU.Build.0 = Release|Any CPU
		{CA8C7C03-8546-4CB8-A3CE-006C5E1F7B12}.Debug|Any CPU.ActiveCfg = Debug|Any CPU
		{CA8C7C03-8546-4CB8-A3CE-006C5E1F7B12}.Debug|Any CPU.Build.0 = Debug|Any CPU
		{CA8C7C03-8546-4CB8-A3CE-006C5E1F7B12}.Release|Any CPU.ActiveCfg = Release|Any CPU
		{CA8C7C03-8546-4CB8-A3CE-006C5E1F7B12}.Release|Any CPU.Build.0 = Release|Any CPU
		{551FF705-2D3C-4DCE-BF17-4B5C129669A5}.Debug|Any CPU.ActiveCfg = Debug|Any CPU
		{551FF705-2D3C-4DCE-BF17-4B5C129669A5}.Debug|Any CPU.Build.0 = Debug|Any CPU
		{551FF705-2D3C-4DCE-BF17-4B5C129669A5}.Release|Any CPU.ActiveCfg = Release|Any CPU
		{551FF705-2D3C-4DCE-BF17-4B5C129669A5}.Release|Any CPU.Build.0 = Release|Any CPU
	EndGlobalSection
	GlobalSection(SolutionProperties) = preSolution
		HideSolutionNode = FALSE
	EndGlobalSection
	GlobalSection(ExtensibilityGlobals) = postSolution
		SolutionGuid = {5581B78E-359F-46D5-839A-8E67DA14F457}
	EndGlobalSection
EndGlobal
